
Microsoft Visual Studio Solution File, Format Version 12.00
# Visual Studio 14
VisualStudioVersion = 14.0.25420.1
MinimumVisualStudioVersion = 10.0.40219.1
Project("{FAE04EC0-301F-11D3-BF4B-00C04F79EFBC}") = "Excel7", "Excel7\Excel7.csproj", "{7671B998-4DDD-4DD5-A7DC-F19CC244CA59}"
EndProject
Project("{FAE04EC0-301F-11D3-BF4B-00C04F79EFBC}") = "Arquivo", "Arquivo\Arquivo.csproj", "{C9861702-88E7-41F9-8AAB-330A53DF3944}"
EndProject
Project("{FAE04EC0-301F-11D3-BF4B-00C04F79EFBC}") = "DB", "DB\DB.csproj", "{EFC4ABFF-41C0-4110-9AC3-8B4277E004EB}"
EndProject
Global
	GlobalSection(SolutionConfigurationPlatforms) = preSolution
		Debug|Any CPU = Debug|Any CPU
		Release|Any CPU = Release|Any CPU
	EndGlobalSection
	GlobalSection(ProjectConfigurationPlatforms) = postSolution
		{7671B998-4DDD-4DD5-A7DC-F19CC244CA59}.Debug|Any CPU.ActiveCfg = Debug|Any CPU
		{7671B998-4DDD-4DD5-A7DC-F19CC244CA59}.Debug|Any CPU.Build.0 = Debug|Any CPU
		{7671B998-4DDD-4DD5-A7DC-F19CC244CA59}.Release|Any CPU.ActiveCfg = Release|Any CPU
		{7671B998-4DDD-4DD5-A7DC-F19CC244CA59}.Release|Any CPU.Build.0 = Release|Any CPU
		{C9861702-88E7-41F9-8AAB-330A53DF3944}.Debug|Any CPU.ActiveCfg = Debug|Any CPU
		{C9861702-88E7-41F9-8AAB-330A53DF3944}.Debug|Any CPU.Build.0 = Debug|Any CPU
		{C9861702-88E7-41F9-8AAB-330A53DF3944}.Release|Any CPU.ActiveCfg = Release|Any CPU
		{C9861702-88E7-41F9-8AAB-330A53DF3944}.Release|Any CPU.Build.0 = Release|Any CPU
		{EFC4ABFF-41C0-4110-9AC3-8B4277E004EB}.Debug|Any CPU.ActiveCfg = Debug|Any CPU
		{EFC4ABFF-41C0-4110-9AC3-8B4277E004EB}.Debug|Any CPU.Build.0 = Debug|Any CPU
		{EFC4ABFF-41C0-4110-9AC3-8B4277E004EB}.Release|Any CPU.ActiveCfg = Release|Any CPU
		{EFC4ABFF-41C0-4110-9AC3-8B4277E004EB}.Release|Any CPU.Build.0 = Release|Any CPU
	EndGlobalSection
	GlobalSection(SolutionProperties) = preSolution
		HideSolutionNode = FALSE
	EndGlobalSection
EndGlobal
